
Microsoft Visual Studio Solution File, Format Version 12.00
# Visual Studio 15
Project("{FAE04EC0-301F-11D3-BF4B-00C04F79EFBC}") = "Assembly-CSharp", "Assembly-CSharp.csproj", "{7B28696D-3509-912F-1C78-9AFD63175E7D}"
EndProject
Global
	GlobalSection(SolutionConfigurationPlatforms) = preSolution
		Debug|Any CPU = Debug|Any CPU
		Release|Any CPU = Release|Any CPU
	EndGlobalSection
	GlobalSection(ProjectConfigurationPlatforms) = postSolution
		{7B28696D-3509-912F-1C78-9AFD63175E7D}.Debug|Any CPU.ActiveCfg = Debug|Any CPU
		{7B28696D-3509-912F-1C78-9AFD63175E7D}.Debug|Any CPU.Build.0 = Debug|Any CPU
		{7B28696D-3509-912F-1C78-9AFD63175E7D}.Release|Any CPU.ActiveCfg = Release|Any CPU
		{7B28696D-3509-912F-1C78-9AFD63175E7D}.Release|Any CPU.Build.0 = Release|Any CPU
	EndGlobalSection
	GlobalSection(SolutionProperties) = preSolution
		HideSolutionNode = FALSE
	EndGlobalSection
EndGlobal
